
Microsoft Visual Studio Solution File, Format Version 12.00
# Visual Studio Version 17
VisualStudioVersion = 17.1.32421.90
MinimumVisualStudioVersion = 10.0.40219.1
Project("{FAE04EC0-301F-11D3-BF4B-00C04F79EFBC}") = "WavesCasinoAPI", "WavesCasinoAPI.csproj", "{2055432F-E405-4BEE-8554-9896DF85F83F}"
EndProject
Global
	GlobalSection(SolutionConfigurationPlatforms) = preSolution
		Debug|Any CPU = Debug|Any CPU
		Release|Any CPU = Release|Any CPU
	EndGlobalSection
	GlobalSection(ProjectConfigurationPlatforms) = postSolution
		{2055432F-E405-4BEE-8554-9896DF85F83F}.Debug|Any CPU.ActiveCfg = Debug|Any CPU
		{2055432F-E405-4BEE-8554-9896DF85F83F}.Debug|Any CPU.Build.0 = Debug|Any CPU
		{2055432F-E405-4BEE-8554-9896DF85F83F}.Release|Any CPU.ActiveCfg = Release|Any CPU
		{2055432F-E405-4BEE-8554-9896DF85F83F}.Release|Any CPU.Build.0 = Release|Any CPU
	EndGlobalSection
	GlobalSection(SolutionProperties) = preSolution
		HideSolutionNode = FALSE
	EndGlobalSection
	GlobalSection(ExtensibilityGlobals) = postSolution
		SolutionGuid = {BB7F937B-F01B-46A5-AD16-5404DB4A8186}
	EndGlobalSection
EndGlobal
